
Microsoft Visual Studio Solution File, Format Version 12.00
# Visual Studio Version 17
VisualStudioVersion = 17.10.35122.118
MinimumVisualStudioVersion = 10.0.40219.1
Project("{FAE04EC0-301F-11D3-BF4B-00C04F79EFBC}") = "ChadraCURD", "ChadraCURD\ChadraCURD.csproj", "{91536E44-B9B4-48C4-A24A-C6209D7B0CC4}"
EndProject
Global
	GlobalSection(SolutionConfigurationPlatforms) = preSolution
		Debug|Any CPU = Debug|Any CPU
		Release|Any CPU = Release|Any CPU
	EndGlobalSection
	GlobalSection(ProjectConfigurationPlatforms) = postSolution
		{91536E44-B9B4-48C4-A24A-C6209D7B0CC4}.Debug|Any CPU.ActiveCfg = Debug|Any CPU
		{91536E44-B9B4-48C4-A24A-C6209D7B0CC4}.Debug|Any CPU.Build.0 = Debug|Any CPU
		{91536E44-B9B4-48C4-A24A-C6209D7B0CC4}.Release|Any CPU.ActiveCfg = Release|Any CPU
		{91536E44-B9B4-48C4-A24A-C6209D7B0CC4}.Release|Any CPU.Build.0 = Release|Any CPU
	EndGlobalSection
	GlobalSection(SolutionProperties) = preSolution
		HideSolutionNode = FALSE
	EndGlobalSection
	GlobalSection(ExtensibilityGlobals) = postSolution
		SolutionGuid = {C5B8D329-BF75-4005-A1AE-C090A9EFB788}
	EndGlobalSection
EndGlobal
